// !$*UTF8*$!
{
	archiveVersion = 1;
	classes = {
	};
	objectVersion = 54;
	objects = {

/* Begin PBXBuildFile section */
		0D81799657C380B7359204ED /* LaunchScreen.storyboard in Resources */ = {isa = PBXBuildFile; fileRef = 3434512A2D85C050DB0B6B27 /* LaunchScreen.storyboard */; };
		2BAA4B8CEBB129C5F27FD743 /* APODResponse.swift in Sources */ = {isa = PBXBuildFile; fileRef = BF59FDA8DF37F65F614B0A18 /* APODResponse.swift */; };
		3613B394080DDE4FFC10A580 /* ActivityView.swift in Sources */ = {isa = PBXBuildFile; fileRef = C44C1AFA2B2228AFADD72F3A /* ActivityView.swift */; };
		745F9F8228003022908D77B9 /* APODFeedViewModel.swift in Sources */ = {isa = PBXBuildFile; fileRef = EF6AE5E66E6C5237A3866EBC /* APODFeedViewModel.swift */; };
		774B100E511F146D2F984D77 /* Assets.xcassets in Resources */ = {isa = PBXBuildFile; fileRef = BB3DC5FAEE777E25A612D01E /* Assets.xcassets */; };
		87E42E29F1996A8871C3811D /* APODFeedView.swift in Sources */ = {isa = PBXBuildFile; fileRef = 48BF4667DF1FA2B90C1126E7 /* APODFeedView.swift */; };
		9864AA7DB0F6914694298C7E /* ImageMemoryCache.swift in Sources */ = {isa = PBXBuildFile; fileRef = 1481A9B83639070E07DD2C62 /* ImageMemoryCache.swift */; };
		A46D57D0835157D553F03525 /* ImageProcessing.swift in Sources */ = {isa = PBXBuildFile; fileRef = 01EEA0F8D602F5CA063C2BEB /* ImageProcessing.swift */; };
		AEECB7261332871EA6542DDF /* PersistenceModels.swift in Sources */ = {isa = PBXBuildFile; fileRef = CC8058E5AEB6C47DC6597F78 /* PersistenceModels.swift */; };
		BFE502372E894BBEBCEE2171 /* APODModels.swift in Sources */ = {isa = PBXBuildFile; fileRef = 020D3D1481FCA35AFF79E7B4 /* APODModels.swift */; };
		CA9C0D16C3D5104D599DCCFF /* AstroLensTests.swift in Sources */ = {isa = PBXBuildFile; fileRef = 134147CC898938B98E074699 /* AstroLensTests.swift */; };
		CD8F6BB53DE16C0B5964F1DD /* APODService.swift in Sources */ = {isa = PBXBuildFile; fileRef = 8063972D904ABEF8A175175A /* APODService.swift */; };
		D4AD968C7C915E85E91EB104 /* APODCardView.swift in Sources */ = {isa = PBXBuildFile; fileRef = 26ECB191F4C538DF9AAC36B2 /* APODCardView.swift */; };
		EF1E1ED29F008243345DA07E /* AstroLensApp.swift in Sources */ = {isa = PBXBuildFile; fileRef = 317FAB457DD493C1B8CDD181 /* AstroLensApp.swift */; };
/* End PBXBuildFile section */

/* Begin PBXContainerItemProxy section */
		1E5F678B24C5F27F00C98622 /* PBXContainerItemProxy */ = {
			isa = PBXContainerItemProxy;
			containerPortal = 1E5F676C24C5F27900C98622 /* Project object */;
			proxyType = 1;
			remoteGlobalIDString = 1E5F677324C5F27900C98622;
			remoteInfo = "AstroLens APOD";
		};
/* End PBXContainerItemProxy section */

/* Begin PBXFileReference section */
		008F43CE1C0DACE987D1638E /* AstroLensTests.xctest */ = {isa = PBXFileReference; explicitFileType = wrapper.cfbundle; includeInIndex = 1; lastKnownFileType = wrapper.cfbundle; path = AstroLensTests.xctest; sourceTree = BUILT_PRODUCTS_DIR; };
		01EEA0F8D602F5CA063C2BEB /* ImageProcessing.swift */ = {isa = PBXFileReference; includeInIndex = 1; lastKnownFileType = sourcecode.swift; name = ImageProcessing.swift; path = Services/ImageProcessing.swift; sourceTree = "<group>"; };
		020D3D1481FCA35AFF79E7B4 /* APODModels.swift */ = {isa = PBXFileReference; includeInIndex = 1; lastKnownFileType = sourcecode.swift; name = APODModels.swift; path = Models/APODModels.swift; sourceTree = "<group>"; };
		134147CC898938B98E074699 /* AstroLensTests.swift */ = {isa = PBXFileReference; includeInIndex = 1; lastKnownFileType = sourcecode.swift; name = AstroLensTests.swift; path = AstroLensTests.swift; sourceTree = "<group>"; };
		1481A9B83639070E07DD2C62 /* ImageMemoryCache.swift */ = {isa = PBXFileReference; includeInIndex = 1; lastKnownFileType = sourcecode.swift; name = ImageMemoryCache.swift; path = Services/ImageMemoryCache.swift; sourceTree = "<group>"; };
		26ECB191F4C538DF9AAC36B2 /* APODCardView.swift */ = {isa = PBXFileReference; includeInIndex = 1; lastKnownFileType = sourcecode.swift; name = APODCardView.swift; path = Features/APOD/APODCardView.swift; sourceTree = "<group>"; };
		317FAB457DD493C1B8CDD181 /* AstroLensApp.swift */ = {isa = PBXFileReference; includeInIndex = 1; lastKnownFileType = sourcecode.swift; name = AstroLensApp.swift; path = App/AstroLensApp.swift; sourceTree = "<group>"; };
		3434512A2D85C050DB0B6B27 /* LaunchScreen.storyboard */ = {isa = PBXFileReference; includeInIndex = 1; lastKnownFileType = file.storyboard; name = LaunchScreen.storyboard; path = Base.lproj/LaunchScreen.storyboard; sourceTree = "<group>"; };
		48BF4667DF1FA2B90C1126E7 /* APODFeedView.swift */ = {isa = PBXFileReference; includeInIndex = 1; lastKnownFileType = sourcecode.swift; name = APODFeedView.swift; path = Features/APOD/APODFeedView.swift; sourceTree = "<group>"; };
		5B4F8DB84716FBEAD89DA917 /* AstroLens.app */ = {isa = PBXFileReference; explicitFileType = wrapper.application; includeInIndex = 1; lastKnownFileType = wrapper.application; path = AstroLens.app; sourceTree = BUILT_PRODUCTS_DIR; };
		8063972D904ABEF8A175175A /* APODService.swift */ = {isa = PBXFileReference; includeInIndex = 1; lastKnownFileType = sourcecode.swift; name = APODService.swift; path = Services/APODService.swift; sourceTree = "<group>"; };
		836618C911428C8812665E3C /* Info.plist */ = {isa = PBXFileReference; includeInIndex = 1; lastKnownFileType = text.plist.xml; name = Info.plist; path = Info.plist; sourceTree = "<group>"; };
		AE53F8C231BCA2B5231842A8 /* Info.plist */ = {isa = PBXFileReference; includeInIndex = 1; lastKnownFileType = text.plist.xml; name = Info.plist; path = Info.plist; sourceTree = "<group>"; };
		BB3DC5FAEE777E25A612D01E /* Assets.xcassets */ = {isa = PBXFileReference; includeInIndex = 1; lastKnownFileType = folder.assetcatalog; name = Assets.xcassets; path = Assets.xcassets; sourceTree = "<group>"; };
		BF59FDA8DF37F65F614B0A18 /* APODResponse.swift */ = {isa = PBXFileReference; includeInIndex = 1; lastKnownFileType = sourcecode.swift; name = APODResponse.swift; path = Models/APODResponse.swift; sourceTree = "<group>"; };
		C44C1AFA2B2228AFADD72F3A /* ActivityView.swift */ = {isa = PBXFileReference; includeInIndex = 1; lastKnownFileType = sourcecode.swift; name = ActivityView.swift; path = Shared/ActivityView.swift; sourceTree = "<group>"; };
		CC8058E5AEB6C47DC6597F78 /* PersistenceModels.swift */ = {isa = PBXFileReference; includeInIndex = 1; lastKnownFileType = sourcecode.swift; name = PersistenceModels.swift; path = Persistence/PersistenceModels.swift; sourceTree = "<group>"; };
		EF6AE5E66E6C5237A3866EBC /* APODFeedViewModel.swift */ = {isa = PBXFileReference; includeInIndex = 1; lastKnownFileType = sourcecode.swift; name = APODFeedViewModel.swift; path = Features/APOD/APODFeedViewModel.swift; sourceTree = "<group>"; };
/* End PBXFileReference section */

/* Begin PBXFrameworksBuildPhase section */
		1E5F677124C5F27900C98622 /* Frameworks */ = {
			isa = PBXFrameworksBuildPhase;
			buildActionMask = 2147483647;
			files = (
			);
			runOnlyForDeploymentPostprocessing = 0;
		};
		1E5F678724C5F27F00C98622 /* Frameworks */ = {
			isa = PBXFrameworksBuildPhase;
			buildActionMask = 2147483647;
			files = (
			);
			runOnlyForDeploymentPostprocessing = 0;
		};
/* End PBXFrameworksBuildPhase section */

/* Begin PBXGroup section */
		1E2B3F8624E1A6D6001AF4CD /* Frameworks */ = {
			isa = PBXGroup;
			children = (
			);
			name = Frameworks;
			sourceTree = "<group>";
		};
		1E5F676B24C5F27900C98622 = {
			isa = PBXGroup;
			children = (
				1E5F677624C5F27900C98622 /* AstroLens */,
				1E5F678D24C5F27F00C98622 /* AstroLensTests */,
				1E2B3F8624E1A6D6001AF4CD /* Frameworks */,
				1E5F677524C5F27900C98622 /* Products */,
			);
			sourceTree = "<group>";
		};
		1E5F677524C5F27900C98622 /* Products */ = {
			isa = PBXGroup;
			children = (
				5B4F8DB84716FBEAD89DA917 /* AstroLens.app */,
				008F43CE1C0DACE987D1638E /* AstroLensTests.xctest */,
			);
			name = Products;
			sourceTree = "<group>";
		};
		1E5F677624C5F27900C98622 /* AstroLens */ = {
			isa = PBXGroup;
			children = (
				D02DEFAEF779AB40462E6AE1 /* App */,
				6DE526D31F151D93CB51B6CF /* Features */,
				3BB3443B229E2F58F60297D5 /* Services */,
				76886CABC31E1D6CEF33E51F /* Persistence */,
				3D600140EE7C63452AC88B39 /* Models */,
				BAB9656916E71FCFAFABA51C /* Shared */,
				BB3DC5FAEE777E25A612D01E /* Assets.xcassets */,
				3434512A2D85C050DB0B6B27 /* LaunchScreen.storyboard */,
				AE53F8C231BCA2B5231842A8 /* Info.plist */,
			);
			path = AstroLens;
			sourceTree = "<group>";
		};
		1E5F678D24C5F27F00C98622 /* AstroLensTests */ = {
			isa = PBXGroup;
			children = (
				134147CC898938B98E074699 /* AstroLensTests.swift */,
				836618C911428C8812665E3C /* Info.plist */,
			);
			path = AstroLensTests;
			sourceTree = "<group>";
		};
		3750E88BDF13F0FE23CD0963 /* APOD */ = {
			isa = PBXGroup;
			children = (
				48BF4667DF1FA2B90C1126E7 /* APODFeedView.swift */,
				26ECB191F4C538DF9AAC36B2 /* APODCardView.swift */,
				EF6AE5E66E6C5237A3866EBC /* APODFeedViewModel.swift */,
			);
			name = APOD;
			sourceTree = "<group>";
		};
		3BB3443B229E2F58F60297D5 /* Services */ = {
			isa = PBXGroup;
			children = (
				8063972D904ABEF8A175175A /* APODService.swift */,
				01EEA0F8D602F5CA063C2BEB /* ImageProcessing.swift */,
				1481A9B83639070E07DD2C62 /* ImageMemoryCache.swift */,
			);
			name = Services;
			sourceTree = "<group>";
		};
		3D600140EE7C63452AC88B39 /* Models */ = {
			isa = PBXGroup;
			children = (
				020D3D1481FCA35AFF79E7B4 /* APODModels.swift */,
				BF59FDA8DF37F65F614B0A18 /* APODResponse.swift */,
			);
			name = Models;
			sourceTree = "<group>";
		};
		6DE526D31F151D93CB51B6CF /* Features */ = {
			isa = PBXGroup;
			children = (
				3750E88BDF13F0FE23CD0963 /* APOD */,
			);
			name = Features;
			sourceTree = "<group>";
		};
		76886CABC31E1D6CEF33E51F /* Persistence */ = {
			isa = PBXGroup;
			children = (
				CC8058E5AEB6C47DC6597F78 /* PersistenceModels.swift */,
			);
			name = Persistence;
			sourceTree = "<group>";
		};
		BAB9656916E71FCFAFABA51C /* Shared */ = {
			isa = PBXGroup;
			children = (
				C44C1AFA2B2228AFADD72F3A /* ActivityView.swift */,
			);
			name = Shared;
			sourceTree = "<group>";
		};
		D02DEFAEF779AB40462E6AE1 /* App */ = {
			isa = PBXGroup;
			children = (
				317FAB457DD493C1B8CDD181 /* AstroLensApp.swift */,
			);
			name = App;
			sourceTree = "<group>";
		};
/* End PBXGroup section */

/* Begin PBXNativeTarget section */
		1E5F677324C5F27900C98622 /* AstroLens */ = {
			isa = PBXNativeTarget;
			buildConfigurationList = 1E5F679324C5F27F00C98622 /* Build configuration list for PBXNativeTarget "AstroLens" */;
			buildPhases = (
				1E5F677024C5F27900C98622 /* Sources */,
				1E5F677124C5F27900C98622 /* Frameworks */,
				1E5F677224C5F27900C98622 /* Resources */,
			);
			buildRules = (
			);
			dependencies = (
			);
			name = AstroLens;
			productName = "AstroLens APOD";
			productReference = 5B4F8DB84716FBEAD89DA917 /* AstroLens.app */;
			productType = "com.apple.product-type.application";
		};
		1E5F678924C5F27F00C98622 /* AstroLensTests */ = {
			isa = PBXNativeTarget;
			buildConfigurationList = 1E5F679624C5F27F00C98622 /* Build configuration list for PBXNativeTarget "AstroLensTests" */;
			buildPhases = (
				1E5F678624C5F27F00C98622 /* Sources */,
				1E5F678724C5F27F00C98622 /* Frameworks */,
				1E5F678824C5F27F00C98622 /* Resources */,
			);
			buildRules = (
			);
			dependencies = (
				1E5F678C24C5F27F00C98622 /* PBXTargetDependency */,
			);
			name = AstroLensTests;
			productName = "AstroLens APODTests";
			productReference = 008F43CE1C0DACE987D1638E /* AstroLensTests.xctest */;
			productType = "com.apple.product-type.bundle.unit-test";
		};
/* End PBXNativeTarget section */

/* Begin PBXProject section */
		1E5F676C24C5F27900C98622 /* Project object */ = {
			isa = PBXProject;
			attributes = {
				BuildIndependentTargetsInParallel = YES;
				LastSwiftUpdateCheck = 1160;
				LastUpgradeCheck = 2630;
				ORGANIZATIONNAME = "Sean 'Luis";
				TargetAttributes = {
					1E5F677324C5F27900C98622 = {
						CreatedOnToolsVersion = 11.6;
					};
					1E5F678924C5F27F00C98622 = {
						CreatedOnToolsVersion = 11.6;
						TestTargetID = 1E5F677324C5F27900C98622;
					};
				};
			};
			buildConfigurationList = 1E5F676F24C5F27900C98622 /* Build configuration list for PBXProject "AstroLens" */;
			compatibilityVersion = "Xcode 9.3";
			developmentRegion = en;
			hasScannedForEncodings = 0;
			knownRegions = (
				en,
				Base,
			);
			mainGroup = 1E5F676B24C5F27900C98622;
			productRefGroup = 1E5F677524C5F27900C98622 /* Products */;
			projectDirPath = "";
			projectRoot = "";
			targets = (
				1E5F677324C5F27900C98622 /* AstroLens */,
				1E5F678924C5F27F00C98622 /* AstroLensTests */,
			);
		};
/* End PBXProject section */

/* Begin PBXResourcesBuildPhase section */
		1E5F677224C5F27900C98622 /* Resources */ = {
			isa = PBXResourcesBuildPhase;
			buildActionMask = 2147483647;
			files = (
				774B100E511F146D2F984D77 /* Assets.xcassets in Resources */,
				0D81799657C380B7359204ED /* LaunchScreen.storyboard in Resources */,
			);
			runOnlyForDeploymentPostprocessing = 0;
		};
		1E5F678824C5F27F00C98622 /* Resources */ = {
			isa = PBXResourcesBuildPhase;
			buildActionMask = 2147483647;
			files = (
			);
			runOnlyForDeploymentPostprocessing = 0;
		};
/* End PBXResourcesBuildPhase section */

/* Begin PBXSourcesBuildPhase section */
		1E5F677024C5F27900C98622 /* Sources */ = {
			isa = PBXSourcesBuildPhase;
			buildActionMask = 2147483647;
			files = (
				EF1E1ED29F008243345DA07E /* AstroLensApp.swift in Sources */,
				87E42E29F1996A8871C3811D /* APODFeedView.swift in Sources */,
				D4AD968C7C915E85E91EB104 /* APODCardView.swift in Sources */,
				745F9F8228003022908D77B9 /* APODFeedViewModel.swift in Sources */,
				CD8F6BB53DE16C0B5964F1DD /* APODService.swift in Sources */,
				A46D57D0835157D553F03525 /* ImageProcessing.swift in Sources */,
				9864AA7DB0F6914694298C7E /* ImageMemoryCache.swift in Sources */,
				AEECB7261332871EA6542DDF /* PersistenceModels.swift in Sources */,
				BFE502372E894BBEBCEE2171 /* APODModels.swift in Sources */,
				2BAA4B8CEBB129C5F27FD743 /* APODResponse.swift in Sources */,
				3613B394080DDE4FFC10A580 /* ActivityView.swift in Sources */,
			);
			runOnlyForDeploymentPostprocessing = 0;
		};
		1E5F678624C5F27F00C98622 /* Sources */ = {
			isa = PBXSourcesBuildPhase;
			buildActionMask = 2147483647;
			files = (
				CA9C0D16C3D5104D599DCCFF /* AstroLensTests.swift in Sources */,
			);
			runOnlyForDeploymentPostprocessing = 0;
		};
/* End PBXSourcesBuildPhase section */

/* Begin PBXTargetDependency section */
		1E5F678C24C5F27F00C98622 /* PBXTargetDependency */ = {
			isa = PBXTargetDependency;
			target = 1E5F677324C5F27900C98622 /* AstroLens */;
			targetProxy = 1E5F678B24C5F27F00C98622 /* PBXContainerItemProxy */;
		};
/* End PBXTargetDependency section */

/* Begin XCBuildConfiguration section */
		1E5F679124C5F27F00C98622 /* Debug */ = {
			isa = XCBuildConfiguration;
			buildSettings = {
				ALWAYS_SEARCH_USER_PATHS = NO;
				CLANG_ANALYZER_NONNULL = YES;
				CLANG_ANALYZER_NUMBER_OBJECT_CONVERSION = YES_AGGRESSIVE;
				CLANG_CXX_LANGUAGE_STANDARD = "gnu++14";
				CLANG_CXX_LIBRARY = "libc++";
				CLANG_ENABLE_MODULES = YES;
				CLANG_ENABLE_OBJC_ARC = YES;
				CLANG_ENABLE_OBJC_WEAK = YES;
				CLANG_WARN_BLOCK_CAPTURE_AUTORELEASING = YES;
				CLANG_WARN_BOOL_CONVERSION = YES;
				CLANG_WARN_COMMA = YES;
				CLANG_WARN_CONSTANT_CONVERSION = YES;
				CLANG_WARN_DEPRECATED_OBJC_IMPLEMENTATIONS = YES;
				CLANG_WARN_DIRECT_OBJC_ISA_USAGE = YES_ERROR;
				CLANG_WARN_DOCUMENTATION_COMMENTS = YES;
				CLANG_WARN_EMPTY_BODY = YES;
				CLANG_WARN_ENUM_CONVERSION = YES;
				CLANG_WARN_INFINITE_RECURSION = YES;
				CLANG_WARN_INT_CONVERSION = YES;
				CLANG_WARN_NON_LITERAL_NULL_CONVERSION = YES;
				CLANG_WARN_OBJC_IMPLICIT_RETAIN_SELF = YES;
				CLANG_WARN_OBJC_LITERAL_CONVERSION = YES;
				CLANG_WARN_OBJC_ROOT_CLASS = YES_ERROR;
				CLANG_WARN_QUOTED_INCLUDE_IN_FRAMEWORK_HEADER = YES;
				CLANG_WARN_RANGE_LOOP_ANALYSIS = YES;
				CLANG_WARN_STRICT_PROTOTYPES = YES;
				CLANG_WARN_SUSPICIOUS_MOVE = YES;
				CLANG_WARN_UNGUARDED_AVAILABILITY = YES_AGGRESSIVE;
				CLANG_WARN_UNREACHABLE_CODE = YES;
				CLANG_WARN__DUPLICATE_METHOD_MATCH = YES;
				COPY_PHASE_STRIP = NO;
				DEBUG_INFORMATION_FORMAT = dwarf;
				DEVELOPMENT_TEAM = 86FNAMY5F2;
				ENABLE_STRICT_OBJC_MSGSEND = YES;
				ENABLE_TESTABILITY = YES;
				ENABLE_USER_SCRIPT_SANDBOXING = YES;
				GCC_C_LANGUAGE_STANDARD = gnu11;
				GCC_DYNAMIC_NO_PIC = NO;
				GCC_NO_COMMON_BLOCKS = YES;
				GCC_OPTIMIZATION_LEVEL = 0;
				GCC_PREPROCESSOR_DEFINITIONS = (
					"DEBUG=1",
					"$(inherited)",
				);
				GCC_WARN_64_TO_32_BIT_CONVERSION = YES;
				GCC_WARN_ABOUT_RETURN_TYPE = YES_ERROR;
				GCC_WARN_UNDECLARED_SELECTOR = YES;
				GCC_WARN_UNINITIALIZED_AUTOS = YES_AGGRESSIVE;
				GCC_WARN_UNUSED_FUNCTION = YES;
				GCC_WARN_UNUSED_VARIABLE = YES;
				IPHONEOS_DEPLOYMENT_TARGET = 26.0;
				MTL_ENABLE_DEBUG_INFO = INCLUDE_SOURCE;
				MTL_FAST_MATH = YES;
				ONLY_ACTIVE_ARCH = YES;
				SDKROOT = iphoneos;
				STRING_CATALOG_GENERATE_SYMBOLS = YES;
				SWIFT_ACTIVE_COMPILATION_CONDITIONS = DEBUG;
				SWIFT_APPROACHABLE_CONCURRENCY = YES;
				SWIFT_DEFAULT_ACTOR_ISOLATION = MainActor;
				SWIFT_OPTIMIZATION_LEVEL = "-Onone";
				SWIFT_VERSION = 6.0;
			};
			name = Debug;
		};
		1E5F679224C5F27F00C98622 /* Release */ = {
			isa = XCBuildConfiguration;
			buildSettings = {
				ALWAYS_SEARCH_USER_PATHS = NO;
				CLANG_ANALYZER_NONNULL = YES;
				CLANG_ANALYZER_NUMBER_OBJECT_CONVERSION = YES_AGGRESSIVE;
				CLANG_CXX_LANGUAGE_STANDARD = "gnu++14";
				CLANG_CXX_LIBRARY = "libc++";
				CLANG_ENABLE_MODULES = YES;
				CLANG_ENABLE_OBJC_ARC = YES;
				CLANG_ENABLE_OBJC_WEAK = YES;
				CLANG_WARN_BLOCK_CAPTURE_AUTORELEASING = YES;
				CLANG_WARN_BOOL_CONVERSION = YES;
				CLANG_WARN_COMMA = YES;
				CLANG_WARN_CONSTANT_CONVERSION = YES;
				CLANG_WARN_DEPRECATED_OBJC_IMPLEMENTATIONS = YES;
				CLANG_WARN_DIRECT_OBJC_ISA_USAGE = YES_ERROR;
				CLANG_WARN_DOCUMENTATION_COMMENTS = YES;
				CLANG_WARN_EMPTY_BODY = YES;
				CLANG_WARN_ENUM_CONVERSION = YES;
				CLANG_WARN_INFINITE_RECURSION = YES;
				CLANG_WARN_INT_CONVERSION = YES;
				CLANG_WARN_NON_LITERAL_NULL_CONVERSION = YES;
				CLANG_WARN_OBJC_IMPLICIT_RETAIN_SELF = YES;
				CLANG_WARN_OBJC_LITERAL_CONVERSION = YES;
				CLANG_WARN_OBJC_ROOT_CLASS = YES_ERROR;
				CLANG_WARN_QUOTED_INCLUDE_IN_FRAMEWORK_HEADER = YES;
				CLANG_WARN_RANGE_LOOP_ANALYSIS = YES;
				CLANG_WARN_STRICT_PROTOTYPES = YES;
				CLANG_WARN_SUSPICIOUS_MOVE = YES;
				CLANG_WARN_UNGUARDED_AVAILABILITY = YES_AGGRESSIVE;
				CLANG_WARN_UNREACHABLE_CODE = YES;
				CLANG_WARN__DUPLICATE_METHOD_MATCH = YES;
				COPY_PHASE_STRIP = NO;
				DEBUG_INFORMATION_FORMAT = "dwarf-with-dsym";
				DEVELOPMENT_TEAM = 86FNAMY5F2;
				ENABLE_NS_ASSERTIONS = NO;
				ENABLE_STRICT_OBJC_MSGSEND = YES;
				ENABLE_USER_SCRIPT_SANDBOXING = YES;
				GCC_C_LANGUAGE_STANDARD = gnu11;
				GCC_NO_COMMON_BLOCKS = YES;
				GCC_WARN_64_TO_32_BIT_CONVERSION = YES;
				GCC_WARN_ABOUT_RETURN_TYPE = YES_ERROR;
				GCC_WARN_UNDECLARED_SELECTOR = YES;
				GCC_WARN_UNINITIALIZED_AUTOS = YES_AGGRESSIVE;
				GCC_WARN_UNUSED_FUNCTION = YES;
				GCC_WARN_UNUSED_VARIABLE = YES;
				IPHONEOS_DEPLOYMENT_TARGET = 26.0;
				MTL_ENABLE_DEBUG_INFO = NO;
				MTL_FAST_MATH = YES;
				SDKROOT = iphoneos;
				STRING_CATALOG_GENERATE_SYMBOLS = YES;
				SWIFT_APPROACHABLE_CONCURRENCY = YES;
				SWIFT_COMPILATION_MODE = wholemodule;
				SWIFT_DEFAULT_ACTOR_ISOLATION = MainActor;
				SWIFT_OPTIMIZATION_LEVEL = "-O";
				SWIFT_VERSION = 6.0;
				VALIDATE_PRODUCT = YES;
			};
			name = Release;
		};
		1E5F679424C5F27F00C98622 /* Debug */ = {
			isa = XCBuildConfiguration;
			buildSettings = {
				ASSETCATALOG_COMPILER_APPICON_NAME = AppIcon;
				CODE_SIGN_STYLE = Automatic;
				INFOPLIST_FILE = AstroLens/Info.plist;
				IPHONEOS_DEPLOYMENT_TARGET = 26.0;
				LD_RUNPATH_SEARCH_PATHS = (
					"$(inherited)",
					"@executable_path/Frameworks",
				);
				PRODUCT_BUNDLE_IDENTIFIER = seanluis.AstroLens;
				PRODUCT_NAME = "$(TARGET_NAME)";
				SWIFT_VERSION = 6.0;
				TARGETED_DEVICE_FAMILY = "1,2";
				TVOS_DEPLOYMENT_TARGET = 26.0;
			};
			name = Debug;
		};
		1E5F679524C5F27F00C98622 /* Release */ = {
			isa = XCBuildConfiguration;
			buildSettings = {
				ASSETCATALOG_COMPILER_APPICON_NAME = AppIcon;
				CODE_SIGN_STYLE = Automatic;
				INFOPLIST_FILE = AstroLens/Info.plist;
				IPHONEOS_DEPLOYMENT_TARGET = 26.0;
				LD_RUNPATH_SEARCH_PATHS = (
					"$(inherited)",
					"@executable_path/Frameworks",
				);
				PRODUCT_BUNDLE_IDENTIFIER = seanluis.AstroLens;
				PRODUCT_NAME = "$(TARGET_NAME)";
				SWIFT_VERSION = 6.0;
				TARGETED_DEVICE_FAMILY = "1,2";
				TVOS_DEPLOYMENT_TARGET = 26.0;
			};
			name = Release;
		};
		1E5F679724C5F27F00C98622 /* Debug */ = {
			isa = XCBuildConfiguration;
			buildSettings = {
				BUNDLE_LOADER = "$(TEST_HOST)";
				CODE_SIGN_STYLE = Automatic;
				INFOPLIST_FILE = AstroLensTests/Info.plist;
				IPHONEOS_DEPLOYMENT_TARGET = 26.0;
				LD_RUNPATH_SEARCH_PATHS = (
					"$(inherited)",
					"@executable_path/Frameworks",
					"@loader_path/Frameworks",
				);
				PRODUCT_BUNDLE_IDENTIFIER = "seanluis.AstroLens-APODTests";
				PRODUCT_NAME = "$(TARGET_NAME)";
				SWIFT_VERSION = 6.0;
				TARGETED_DEVICE_FAMILY = "1,2";
				TEST_HOST = "$(BUILT_PRODUCTS_DIR)/AstroLens.app/AstroLens";
				TVOS_DEPLOYMENT_TARGET = 26.0;
			};
			name = Debug;
		};
		1E5F679824C5F27F00C98622 /* Release */ = {
			isa = XCBuildConfiguration;
			buildSettings = {
				BUNDLE_LOADER = "$(TEST_HOST)";
				CODE_SIGN_STYLE = Automatic;
				INFOPLIST_FILE = AstroLensTests/Info.plist;
				IPHONEOS_DEPLOYMENT_TARGET = 26.0;
				LD_RUNPATH_SEARCH_PATHS = (
					"$(inherited)",
					"@executable_path/Frameworks",
					"@loader_path/Frameworks",
				);
				PRODUCT_BUNDLE_IDENTIFIER = "seanluis.AstroLens-APODTests";
				PRODUCT_NAME = "$(TARGET_NAME)";
				SWIFT_VERSION = 6.0;
				TARGETED_DEVICE_FAMILY = "1,2";
				TEST_HOST = "$(BUILT_PRODUCTS_DIR)/AstroLens.app/AstroLens";
				TVOS_DEPLOYMENT_TARGET = 26.0;
			};
			name = Release;
		};
/* End XCBuildConfiguration section */

/* Begin XCConfigurationList section */
		1E5F676F24C5F27900C98622 /* Build configuration list for PBXProject "AstroLens" */ = {
			isa = XCConfigurationList;
			buildConfigurations = (
				1E5F679124C5F27F00C98622 /* Debug */,
				1E5F679224C5F27F00C98622 /* Release */,
			);
			defaultConfigurationIsVisible = 0;
			defaultConfigurationName = Release;
		};
		1E5F679324C5F27F00C98622 /* Build configuration list for PBXNativeTarget "AstroLens" */ = {
			isa = XCConfigurationList;
			buildConfigurations = (
				1E5F679424C5F27F00C98622 /* Debug */,
				1E5F679524C5F27F00C98622 /* Release */,
			);
			defaultConfigurationIsVisible = 0;
			defaultConfigurationName = Release;
		};
		1E5F679624C5F27F00C98622 /* Build configuration list for PBXNativeTarget "AstroLensTests" */ = {
			isa = XCConfigurationList;
			buildConfigurations = (
				1E5F679724C5F27F00C98622 /* Debug */,
				1E5F679824C5F27F00C98622 /* Release */,
			);
			defaultConfigurationIsVisible = 0;
			defaultConfigurationName = Release;
		};
/* End XCConfigurationList section */
	};
	rootObject = 1E5F676C24C5F27900C98622 /* Project object */;
}
